connectrpc.com/connect v1.19.1 h1:R5M57z05+90EfEvCY1b7hBxDVOUl45PrtXtAV2fOC14=
connectrpc.com/connect v1.19.1/go.mod h1:tN20fjdGlewnSFeZxLKb0xwIZ6ozc3OQs2hTXy4du9w=
github.com/NVIDIA/go-nvml v0.13.3-1 h1:P76U2h88OZSiMtdhRsJjSF5DXyXUqHIXKeDicVAaae0=
github.com/NVIDIA/go-nvml v0.13.3-1/go.mod h1:ahi2psRYoa+wYUBIrZPRO+wJs9lcvMhxSSkjjvsJJNQ=
github.com/davecgh/go-spew v1.1.1 h1:vj9j/u1bqnvCEfJOwUhtlOARqs3+rkHYY13jYWTU97c=
github.com/davecgh/go-spew v1.1.1/go.mod h1:J7Y8YcW2NihsgmVo/mv3lAwl/skON4iLHjSsI+c5H38=
github.com/fxamacker/cbor/v2 v2.9.2 h1:X4Ksno9+x3cz0TZv69ec1hxP/+tymuR8PXQJyDwfh78=
github.com/fxamacker/cbor/v2 v2.9.2/go.mod h1:vM4b+DJCtHn+zz7h3FFp/hDAI9WNWCsZj23V5ytsSxQ=
github.com/google/go-cmp v0.7.0 h1:wk8382ETsv4JYUZwIsn6YpYiWiBsYLSJiTsyBybVuN8=
github.com/google/go-cmp v0.7.0/go.mod h1:pXiqmnSA92OHEEa9HXL2W4E7lf9JzCmGVUdgjX3N/iU=
github.com/pmezard/go-difflib v1.0.0 h1:4DBwDE0NGyQoBHbLQYPwSUPoCMWR5BEzIk/f1lZbAQM=
github.com/pmezard/go-difflib v1.0.0/go.mod h1:iKH77koFhYxTK1pcRnkKkqfTogsbg7gZNVY4sRDYZ/4=
github.com/stretchr/testify v1.11.1 h1:7s2iGBzp5EwR7/aIZr8ao5+dra3wiQyKjjFuvgVKu7U=
github.com/stretchr/testify v1.11.1/go.mod h1:wZwfW3scLgRK+23gO65QZefKpKQRnfz6sD981Nm4B6U=
github.com/tosnetwork/tos-protocol v0.0.0-20260801052434-f104414655ef h1:jpG3DBC+pfr/ilLrZrG6Mydc8DABsocJ64aduiXIEs4=
github.com/tosnetwork/tos-protocol v0.0.0-20260801052434-f104414655ef/go.mod h1:9XcMRGbK87BU0HVazLv/cuZ5SvVAcKsyTMtAfcgaqYQ=
github.com/x448/float16 v0.8.4 h1:qLwI1I70+NjRFUR3zs1JPUCgaCXSh3SW62uAKT1mSBM=
github.com/x448/float16 v0.8.4/go.mod h1:14CWIYCyZA/cWjXOioeEpHeN/83MdbZDRQHoFcYsOfg=
go.etcd.io/bbolt v1.4.3 h1:dEadXpI6G79deX5prL3QRNP6JB8UxVkqo4UPnHaNXJo=
go.etcd.io/bbolt v1.4.3/go.mod h1:tKQlpPaYCVFctUIgFKFnAlvbmB3tpy1vkTnDWohtc0E=
golang.org/x/sync v0.10.0 h1:3NQrjDixjgGwUOCaF8w2+VYHv0Ve/vGYSbdkTa98gmQ=
golang.org/x/sync v0.10.0/go.mod h1:Czt+wKu1gCyEFDUtn0jG5QVvpJ6rzVqr5aXyt9drQfk=
golang.org/x/sys v0.29.0 h1:TPYlXGxvx1MGTn2GiZDhnjPA9wZzZeGKHHmKhHYvgaU=
golang.org/x/sys v0.29.0/go.mod h1:/VUhepiaJMQUp4+oa/7Zr1D23ma6VTLIYjOOTFZPUcA=
google.golang.org/protobuf v1.36.11 h1:fV6ZwhNocDyBLK0dj+fg8ektcVegBBuEolpbTQyBNVE=
google.golang.org/protobuf v1.36.11/go.mod h1:HTf+CrKn2C3g5S8VImy6tdcUvCska2kB7j23XfzDpco=
gopkg.in/yaml.v3 v3.0.1 h1:fxVm/GzAzEWqLHuvctI91KS9hhNmmWOoWu0XTYJS7CA=
gopkg.in/yaml.v3 v3.0.1/go.mod h1:K4uyk7z7BCEPqu6E+C64Yfv1cQ7kz7rIZviUmN+EgEM=
